
Microsoft Visual Studio Solution File, Format Version 12.00
# Visual Studio 2017
Project("{FAE04EC0-301F-11D3-BF4B-00C04F79EFBC}") = "Synthmission", "Synthmission.csproj", "{5478D886-1B1E-0DAA-5515-8124DB4B69CE}"
EndProject
Project("{FAE04EC0-301F-11D3-BF4B-00C04F79EFBC}") = "Synthmission.Editor", "Synthmission.Editor.csproj", "{BC3AC1EA-8DB3-58FF-CAD8-548F4BD5D624}"
EndProject
Global
	GlobalSection(SolutionConfigurationPlatforms) = preSolution
		Debug|Any CPU = Debug|Any CPU
		Release|Any CPU = Release|Any CPU
	EndGlobalSection
	GlobalSection(ProjectConfigurationPlatforms) = postSolution
		{5478D886-1B1E-0DAA-5515-8124DB4B69CE}.Debug|Any CPU.ActiveCfg = Debug|Any CPU
		{5478D886-1B1E-0DAA-5515-8124DB4B69CE}.Debug|Any CPU.Build.0 = Debug|Any CPU
		{5478D886-1B1E-0DAA-5515-8124DB4B69CE}.Release|Any CPU.ActiveCfg = Release|Any CPU
		{5478D886-1B1E-0DAA-5515-8124DB4B69CE}.Release|Any CPU.Build.0 = Release|Any CPU
		{BC3AC1EA-8DB3-58FF-CAD8-548F4BD5D624}.Debug|Any CPU.ActiveCfg = Debug|Any CPU
		{BC3AC1EA-8DB3-58FF-CAD8-548F4BD5D624}.Debug|Any CPU.Build.0 = Debug|Any CPU
		{BC3AC1EA-8DB3-58FF-CAD8-548F4BD5D624}.Release|Any CPU.ActiveCfg = Release|Any CPU
		{BC3AC1EA-8DB3-58FF-CAD8-548F4BD5D624}.Release|Any CPU.Build.0 = Release|Any CPU
	EndGlobalSection
	GlobalSection(SolutionProperties) = preSolution
		HideSolutionNode = FALSE
	EndGlobalSection
EndGlobal
